
Microsoft Visual Studio Solution File, Format Version 12.00
# Visual Studio Version 17
VisualStudioVersion = 17.2.32602.215
MinimumVisualStudioVersion = 10.0.40219.1
Project("{9A19103F-16F7-4668-BE54-9A1E7A4F7556}") = "XTest.App", "XTest.App\XTest.App.csproj", "{CF005D0D-6262-4366-96FF-13E36AE3E1D7}"
EndProject
Project("{9A19103F-16F7-4668-BE54-9A1E7A4F7556}") = "XTest.Database", "XTest.Database\XTest.Database.csproj", "{C971F105-8A57-4A01-9E5C-12419CF5D061}"
EndProject
Project("{2150E333-8FDC-42A3-9474-1A3956D46DE8}") = "Tests", "Tests", "{BF71BDC4-E7C4-41D5-A4E0-7F4EF2FE52F6}"
EndProject
Project("{9A19103F-16F7-4668-BE54-9A1E7A4F7556}") = "Database.Test", "Database.Test\Database.Test.csproj", "{E6899312-74E4-45B2-89FE-13E0713AE9CD}"
EndProject
Project("{9A19103F-16F7-4668-BE54-9A1E7A4F7556}") = "XTesting.Services", "XTesting.Services\XTesting.Services.csproj", "{C314FDD1-D040-4205-8390-3401E4273D82}"
EndProject
Project("{9A19103F-16F7-4668-BE54-9A1E7A4F7556}") = "XTest.Api", "XTest.Api\XTest.Api.csproj", "{E3F9C462-74EF-41AF-94C2-30D047F3BB20}"
EndProject
Project("{9A19103F-16F7-4668-BE54-9A1E7A4F7556}") = "XTest.UI", "XTest.UI\XTest.UI.csproj", "{B4B81D45-90FC-4AC0-93D7-3778A72948E1}"
EndProject
Project("{9A19103F-16F7-4668-BE54-9A1E7A4F7556}") = "XTest.TestUI", "XTest.TestUI\XTest.TestUI.csproj", "{3FFFE33C-3FE8-4F69-B001-C96E38774E9A}"
EndProject
Project("{2150E333-8FDC-42A3-9474-1A3956D46DE8}") = "Basic", "Basic", "{048EB933-413D-44B0-B18A-5CE66BD61241}"
EndProject
Project("{FAE04EC0-301F-11D3-BF4B-00C04F79EFBC}") = "XTest.TestServices", "XTest.TestServices\XTest.TestServices.csproj", "{B9FC7A62-7B9D-4A35-828D-63E261F4638D}"
EndProject
Global
	GlobalSection(SolutionConfigurationPlatforms) = preSolution
		Debug|Any CPU = Debug|Any CPU
		Release|Any CPU = Release|Any CPU
	EndGlobalSection
	GlobalSection(ProjectConfigurationPlatforms) = postSolution
		{CF005D0D-6262-4366-96FF-13E36AE3E1D7}.Debug|Any CPU.ActiveCfg = Debug|Any CPU
		{CF005D0D-6262-4366-96FF-13E36AE3E1D7}.Debug|Any CPU.Build.0 = Debug|Any CPU
		{CF005D0D-6262-4366-96FF-13E36AE3E1D7}.Release|Any CPU.ActiveCfg = Release|Any CPU
		{CF005D0D-6262-4366-96FF-13E36AE3E1D7}.Release|Any CPU.Build.0 = Release|Any CPU
		{C971F105-8A57-4A01-9E5C-12419CF5D061}.Debug|Any CPU.ActiveCfg = Debug|Any CPU
		{C971F105-8A57-4A01-9E5C-12419CF5D061}.Debug|Any CPU.Build.0 = Debug|Any CPU
		{C971F105-8A57-4A01-9E5C-12419CF5D061}.Release|Any CPU.ActiveCfg = Release|Any CPU
		{C971F105-8A57-4A01-9E5C-12419CF5D061}.Release|Any CPU.Build.0 = Release|Any CPU
		{E6899312-74E4-45B2-89FE-13E0713AE9CD}.Debug|Any CPU.ActiveCfg = Debug|Any CPU
		{E6899312-74E4-45B2-89FE-13E0713AE9CD}.Debug|Any CPU.Build.0 = Debug|Any CPU
		{E6899312-74E4-45B2-89FE-13E0713AE9CD}.Release|Any CPU.ActiveCfg = Release|Any CPU
		{E6899312-74E4-45B2-89FE-13E0713AE9CD}.Release|Any CPU.Build.0 = Release|Any CPU
		{C314FDD1-D040-4205-8390-3401E4273D82}.Debug|Any CPU.ActiveCfg = Debug|Any CPU
		{C314FDD1-D040-4205-8390-3401E4273D82}.Debug|Any CPU.Build.0 = Debug|Any CPU
		{C314FDD1-D040-4205-8390-3401E4273D82}.Release|Any CPU.ActiveCfg = Release|Any CPU
		{C314FDD1-D040-4205-8390-3401E4273D82}.Release|Any CPU.Build.0 = Release|Any CPU
		{E3F9C462-74EF-41AF-94C2-30D047F3BB20}.Debug|Any CPU.ActiveCfg = Debug|Any CPU
		{E3F9C462-74EF-41AF-94C2-30D047F3BB20}.Debug|Any CPU.Build.0 = Debug|Any CPU
		{E3F9C462-74EF-41AF-94C2-30D047F3BB20}.Release|Any CPU.ActiveCfg = Release|Any CPU
		{E3F9C462-74EF-41AF-94C2-30D047F3BB20}.Release|Any CPU.Build.0 = Release|Any CPU
		{B4B81D45-90FC-4AC0-93D7-3778A72948E1}.Debug|Any CPU.ActiveCfg = Debug|Any CPU
		{B4B81D45-90FC-4AC0-93D7-3778A72948E1}.Debug|Any CPU.Build.0 = Debug|Any CPU
		{B4B81D45-90FC-4AC0-93D7-3778A72948E1}.Release|Any CPU.ActiveCfg = Release|Any CPU
		{B4B81D45-90FC-4AC0-93D7-3778A72948E1}.Release|Any CPU.Build.0 = Release|Any CPU
		{3FFFE33C-3FE8-4F69-B001-C96E38774E9A}.Debug|Any CPU.ActiveCfg = Debug|Any CPU
		{3FFFE33C-3FE8-4F69-B001-C96E38774E9A}.Debug|Any CPU.Build.0 = Debug|Any CPU
		{3FFFE33C-3FE8-4F69-B001-C96E38774E9A}.Release|Any CPU.ActiveCfg = Release|Any CPU
		{3FFFE33C-3FE8-4F69-B001-C96E38774E9A}.Release|Any CPU.Build.0 = Release|Any CPU
		{B9FC7A62-7B9D-4A35-828D-63E261F4638D}.Debug|Any CPU.ActiveCfg = Debug|Any CPU
		{B9FC7A62-7B9D-4A35-828D-63E261F4638D}.Debug|Any CPU.Build.0 = Debug|Any CPU
		{B9FC7A62-7B9D-4A35-828D-63E261F4638D}.Release|Any CPU.ActiveCfg = Release|Any CPU
		{B9FC7A62-7B9D-4A35-828D-63E261F4638D}.Release|Any CPU.Build.0 = Release|Any CPU
	EndGlobalSection
	GlobalSection(SolutionProperties) = preSolution
		HideSolutionNode = FALSE
	EndGlobalSection
	GlobalSection(NestedProjects) = preSolution
		{CF005D0D-6262-4366-96FF-13E36AE3E1D7} = {048EB933-413D-44B0-B18A-5CE66BD61241}
		{C971F105-8A57-4A01-9E5C-12419CF5D061} = {048EB933-413D-44B0-B18A-5CE66BD61241}
		{E6899312-74E4-45B2-89FE-13E0713AE9CD} = {BF71BDC4-E7C4-41D5-A4E0-7F4EF2FE52F6}
		{C314FDD1-D040-4205-8390-3401E4273D82} = {048EB933-413D-44B0-B18A-5CE66BD61241}
		{E3F9C462-74EF-41AF-94C2-30D047F3BB20} = {BF71BDC4-E7C4-41D5-A4E0-7F4EF2FE52F6}
		{B4B81D45-90FC-4AC0-93D7-3778A72948E1} = {048EB933-413D-44B0-B18A-5CE66BD61241}
		{3FFFE33C-3FE8-4F69-B001-C96E38774E9A} = {BF71BDC4-E7C4-41D5-A4E0-7F4EF2FE52F6}
		{B9FC7A62-7B9D-4A35-828D-63E261F4638D} = {BF71BDC4-E7C4-41D5-A4E0-7F4EF2FE52F6}
	EndGlobalSection
	GlobalSection(ExtensibilityGlobals) = postSolution
		SolutionGuid = {538E9D56-F5D3-4285-8BCC-DA7FF517109C}
	EndGlobalSection
EndGlobal
