
Microsoft Visual Studio Solution File, Format Version 12.00
# Visual Studio Version 17
VisualStudioVersion = 17.4.33205.214
MinimumVisualStudioVersion = 10.0.40219.1
Project("{FAE04EC0-301F-11D3-BF4B-00C04F79EFBC}") = "StationMonitorAPI", "StationMonitorAPI\StationMonitorAPI.csproj", "{ABDC2FEC-942D-461C-AEA3-44106C3F3CE5}"
EndProject
Global
	GlobalSection(SolutionConfigurationPlatforms) = preSolution
		Debug|Any CPU = Debug|Any CPU
		Release|Any CPU = Release|Any CPU
	EndGlobalSection
	GlobalSection(ProjectConfigurationPlatforms) = postSolution
		{ABDC2FEC-942D-461C-AEA3-44106C3F3CE5}.Debug|Any CPU.ActiveCfg = Debug|Any CPU
		{ABDC2FEC-942D-461C-AEA3-44106C3F3CE5}.Debug|Any CPU.Build.0 = Debug|Any CPU
		{ABDC2FEC-942D-461C-AEA3-44106C3F3CE5}.Release|Any CPU.ActiveCfg = Release|Any CPU
		{ABDC2FEC-942D-461C-AEA3-44106C3F3CE5}.Release|Any CPU.Build.0 = Release|Any CPU
	EndGlobalSection
	GlobalSection(SolutionProperties) = preSolution
		HideSolutionNode = FALSE
	EndGlobalSection
	GlobalSection(ExtensibilityGlobals) = postSolution
		SolutionGuid = {2FEA8C0B-A671-4D39-B207-0B62D8877F18}
	EndGlobalSection
EndGlobal
